#MicroX Explorer Configurationfor STM32G431CBTx
File.Version=6
KeepUserPlacement=false
Mcu.CPN=STM32G431CBTx
Mcu.Family=STM32G4
Mcu.IP0=FDCAN1
Mcu.IP1=TIM1
Mcu.IP2=TIM8
Mcu.IP3=TIM6
Mcu.IP4=SPI1
Mcu.IP5=I2C1
Mcu.IP6=RCC
Mcu.IP7=SYS
Mcu.Name=STM32G431C(6-8-B)Tx
Mcu.Package=LQFP48
Mcu.Pin0=PB8-BOOT0
Mcu.Pin1=PB9
Mcu.Pin2=PA5
Mcu.Pin3=PA6
Mcu.Pin4=PA7
Mcu.PinsNb=5
Mcu.UserConstants=
PB8-BOOT0.Signal=FDCAN1_RX
PB9.Signal=FDCAN1_TX
PA5.Signal=SPI1_SCK
PA6.Signal=SPI1_MISO
PA7.Signal=SPI1_MOSI
RCC.HSEFrequency=24000000
RCC.SYSCLKSource=RCC_SYSCLKSOURCE_PLLCLK
RCC.PLLM=6
RCC.PLLN=85
RCC.PLLR=2
