#MicroX Explorer Configurationfor STM32G431CBTx
File.Version=6
KeepUserPlacement=false
Mcu.CPN=STM32G431CBTx
Mcu.Family=STM32G4
Mcu.IP0=FDCAN1
Mcu.IP1=I2C1
Mcu.IP2=I2C2
Mcu.IP3=RCC
Mcu.IP4=SYS
Mcu.Name=STM32G431C(6-8-B)Tx
Mcu.Package=LQFP48
Mcu.Pin0=PB8-BOOT0
Mcu.Pin1=PB9
Mcu.Pin2=PA9
Mcu.Pin3=PA10
Mcu.PinsNb=4
Mcu.UserConstants=
PB8-BOOT0.Signal=FDCAN1_RX
PB9.Signal=FDCAN1_TX
PA9.Signal=I2C1_SCL
PA10.Signal=I2C1_SDA
RCC.HSEFrequency=24000000
RCC.SYSCLKSource=RCC_SYSCLKSOURCE_PLLCLK
RCC.PLLM=6
RCC.PLLN=85
RCC.PLLR=2
